// !$*UTF8*$!
{
	archiveVersion = 1;
	classes = {
	};
	objectVersion = 50;
	objects = {

/* Begin PBXBuildFile section */
		CFB750D323934DBD004A6500 /* KittyCatView.swift in Sources */ = {isa = PBXBuildFile; fileRef = CFB750D223934DBD004A6500 /* KittyCatView.swift */; };
		CFB750D523943756004A6500 /* PrivacyConstants.swift in Sources */ = {isa = PBXBuildFile; fileRef = CFB750D423943756004A6500 /* PrivacyConstants.swift */; };
		CFB750D72394B0AE004A6500 /* PrivacyView.swift in Sources */ = {isa = PBXBuildFile; fileRef = CFB750D62394B0AE004A6500 /* PrivacyView.swift */; };
		CFB750DA2394C01A004A6500 /* BOSTON.ttf in Resources */ = {isa = PBXBuildFile; fileRef = CFB750D82394BFE6004A6500 /* BOSTON.ttf */; };
		CFB750DC2394C22B004A6500 /* BOSTON CAPS.otf in Resources */ = {isa = PBXBuildFile; fileRef = CFB750DB2394C22B004A6500 /* BOSTON CAPS.otf */; };
		CFB750DE2394E287004A6500 /* ContactUsView.swift in Sources */ = {isa = PBXBuildFile; fileRef = CFB750DD2394E287004A6500 /* ContactUsView.swift */; };
		CFC2ABF3239CB64A00AC7EF7 /* UserSettingsHost.swift in Sources */ = {isa = PBXBuildFile; fileRef = CFC2ABF2239CB64A00AC7EF7 /* UserSettingsHost.swift */; };
		CFC2ABF6239CB70800AC7EF7 /* UserSettingsSummary.swift in Sources */ = {isa = PBXBuildFile; fileRef = CFC2ABF5239CB70800AC7EF7 /* UserSettingsSummary.swift */; };
		CFC2ABF8239CC21200AC7EF7 /* UserSettingsEditor.swift in Sources */ = {isa = PBXBuildFile; fileRef = CFC2ABF7239CC21200AC7EF7 /* UserSettingsEditor.swift */; };
		CFD62014238B9914006DFDDB /* AppDelegate.swift in Sources */ = {isa = PBXBuildFile; fileRef = CFD62013238B9914006DFDDB /* AppDelegate.swift */; };
		CFD62016238B9914006DFDDB /* SceneDelegate.swift in Sources */ = {isa = PBXBuildFile; fileRef = CFD62015238B9914006DFDDB /* SceneDelegate.swift */; };
		CFD62018238B9914006DFDDB /* MasterView.swift in Sources */ = {isa = PBXBuildFile; fileRef = CFD62017238B9914006DFDDB /* MasterView.swift */; };
		CFD6201A238B9916006DFDDB /* Assets.xcassets in Resources */ = {isa = PBXBuildFile; fileRef = CFD62019238B9916006DFDDB /* Assets.xcassets */; };
		CFD6201D238B9916006DFDDB /* Preview Assets.xcassets in Resources */ = {isa = PBXBuildFile; fileRef = CFD6201C238B9916006DFDDB /* Preview Assets.xcassets */; };
		CFD62020238B9916006DFDDB /* LaunchScreen.storyboard in Resources */ = {isa = PBXBuildFile; fileRef = CFD6201E238B9916006DFDDB /* LaunchScreen.storyboard */; };
		CFD62047238CAEC8006DFDDB /* User.swift in Sources */ = {isa = PBXBuildFile; fileRef = CFD62046238CAEC8006DFDDB /* User.swift */; };
		CFD6204A238CB10F006DFDDB /* UserData.swift in Sources */ = {isa = PBXBuildFile; fileRef = CFD62049238CB10F006DFDDB /* UserData.swift */; };
		CFD6204C238CB767006DFDDB /* PrivacySettings.swift in Sources */ = {isa = PBXBuildFile; fileRef = CFD6204B238CB767006DFDDB /* PrivacySettings.swift */; };
		CFFBBBE3239A179500F98ADB /* SignInView.swift in Sources */ = {isa = PBXBuildFile; fileRef = CFFBBBE2239A179500F98ADB /* SignInView.swift */; };
		CFFBBBE6239A17D700F98ADB /* Color+neonBlue.swift in Sources */ = {isa = PBXBuildFile; fileRef = CFFBBBE5239A17D700F98ADB /* Color+neonBlue.swift */; };
		CFFBBBE8239A193000F98ADB /* NewsFeedConstants.swift in Sources */ = {isa = PBXBuildFile; fileRef = CFFBBBE7239A193000F98ADB /* NewsFeedConstants.swift */; };
		CFFBBBEA239A204B00F98ADB /* BackgroundImage.swift in Sources */ = {isa = PBXBuildFile; fileRef = CFFBBBE9239A204B00F98ADB /* BackgroundImage.swift */; };
		CFFBBBEC239AB8FC00F98ADB /* GraphView.swift in Sources */ = {isa = PBXBuildFile; fileRef = CFFBBBEB239AB8FC00F98ADB /* GraphView.swift */; };
		CFFBBBEE239B2E8300F98ADB /* NerdLevel.swift in Sources */ = {isa = PBXBuildFile; fileRef = CFFBBBED239B2E8300F98ADB /* NerdLevel.swift */; };
/* End PBXBuildFile section */

/* Begin PBXFileReference section */
		CFB750D223934DBD004A6500 /* KittyCatView.swift */ = {isa = PBXFileReference; lastKnownFileType = sourcecode.swift; path = KittyCatView.swift; sourceTree = "<group>"; };
		CFB750D423943756004A6500 /* PrivacyConstants.swift */ = {isa = PBXFileReference; lastKnownFileType = sourcecode.swift; path = PrivacyConstants.swift; sourceTree = "<group>"; };
		CFB750D62394B0AE004A6500 /* PrivacyView.swift */ = {isa = PBXFileReference; lastKnownFileType = sourcecode.swift; path = PrivacyView.swift; sourceTree = "<group>"; };
		CFB750D82394BFE6004A6500 /* BOSTON.ttf */ = {isa = PBXFileReference; lastKnownFileType = file; path = BOSTON.ttf; sourceTree = "<group>"; };
		CFB750DB2394C22B004A6500 /* BOSTON CAPS.otf */ = {isa = PBXFileReference; lastKnownFileType = file; path = "BOSTON CAPS.otf"; sourceTree = "<group>"; };
		CFB750DD2394E287004A6500 /* ContactUsView.swift */ = {isa = PBXFileReference; lastKnownFileType = sourcecode.swift; path = ContactUsView.swift; sourceTree = "<group>"; };
		CFC2ABF2239CB64A00AC7EF7 /* UserSettingsHost.swift */ = {isa = PBXFileReference; lastKnownFileType = sourcecode.swift; path = UserSettingsHost.swift; sourceTree = "<group>"; };
		CFC2ABF5239CB70800AC7EF7 /* UserSettingsSummary.swift */ = {isa = PBXFileReference; lastKnownFileType = sourcecode.swift; path = UserSettingsSummary.swift; sourceTree = "<group>"; };
		CFC2ABF7239CC21200AC7EF7 /* UserSettingsEditor.swift */ = {isa = PBXFileReference; lastKnownFileType = sourcecode.swift; path = UserSettingsEditor.swift; sourceTree = "<group>"; };
		CFD62010238B9914006DFDDB /* EnvironmentObject1.app */ = {isa = PBXFileReference; explicitFileType = wrapper.application; includeInIndex = 0; path = EnvironmentObject1.app; sourceTree = BUILT_PRODUCTS_DIR; };
		CFD62013238B9914006DFDDB /* AppDelegate.swift */ = {isa = PBXFileReference; lastKnownFileType = sourcecode.swift; path = AppDelegate.swift; sourceTree = "<group>"; };
		CFD62015238B9914006DFDDB /* SceneDelegate.swift */ = {isa = PBXFileReference; lastKnownFileType = sourcecode.swift; path = SceneDelegate.swift; sourceTree = "<group>"; };
		CFD62017238B9914006DFDDB /* MasterView.swift */ = {isa = PBXFileReference; lastKnownFileType = sourcecode.swift; path = MasterView.swift; sourceTree = "<group>"; };
		CFD62019238B9916006DFDDB /* Assets.xcassets */ = {isa = PBXFileReference; lastKnownFileType = folder.assetcatalog; path = Assets.xcassets; sourceTree = "<group>"; };
		CFD6201C238B9916006DFDDB /* Preview Assets.xcassets */ = {isa = PBXFileReference; lastKnownFileType = folder.assetcatalog; path = "Preview Assets.xcassets"; sourceTree = "<group>"; };
		CFD6201F238B9916006DFDDB /* Base */ = {isa = PBXFileReference; lastKnownFileType = file.storyboard; name = Base; path = Base.lproj/LaunchScreen.storyboard; sourceTree = "<group>"; };
		CFD62021238B9916006DFDDB /* Info.plist */ = {isa = PBXFileReference; lastKnownFileType = text.plist.xml; path = Info.plist; sourceTree = "<group>"; };
		CFD62046238CAEC8006DFDDB /* User.swift */ = {isa = PBXFileReference; lastKnownFileType = sourcecode.swift; path = User.swift; sourceTree = "<group>"; };
		CFD62049238CB10F006DFDDB /* UserData.swift */ = {isa = PBXFileReference; lastKnownFileType = sourcecode.swift; path = UserData.swift; sourceTree = "<group>"; };
		CFD6204B238CB767006DFDDB /* PrivacySettings.swift */ = {isa = PBXFileReference; lastKnownFileType = sourcecode.swift; path = PrivacySettings.swift; sourceTree = "<group>"; };
		CFFBBBE2239A179500F98ADB /* SignInView.swift */ = {isa = PBXFileReference; lastKnownFileType = sourcecode.swift; path = SignInView.swift; sourceTree = "<group>"; };
		CFFBBBE5239A17D700F98ADB /* Color+neonBlue.swift */ = {isa = PBXFileReference; lastKnownFileType = sourcecode.swift; path = "Color+neonBlue.swift"; sourceTree = "<group>"; };
		CFFBBBE7239A193000F98ADB /* NewsFeedConstants.swift */ = {isa = PBXFileReference; lastKnownFileType = sourcecode.swift; path = NewsFeedConstants.swift; sourceTree = "<group>"; };
		CFFBBBE9239A204B00F98ADB /* BackgroundImage.swift */ = {isa = PBXFileReference; lastKnownFileType = sourcecode.swift; path = BackgroundImage.swift; sourceTree = "<group>"; };
		CFFBBBEB239AB8FC00F98ADB /* GraphView.swift */ = {isa = PBXFileReference; lastKnownFileType = sourcecode.swift; path = GraphView.swift; sourceTree = "<group>"; };
		CFFBBBED239B2E8300F98ADB /* NerdLevel.swift */ = {isa = PBXFileReference; lastKnownFileType = sourcecode.swift; path = NerdLevel.swift; sourceTree = "<group>"; };
/* End PBXFileReference section */

/* Begin PBXFrameworksBuildPhase section */
		CFD6200D238B9914006DFDDB /* Frameworks */ = {
			isa = PBXFrameworksBuildPhase;
			buildActionMask = 2147483647;
			files = (
			);
			runOnlyForDeploymentPostprocessing = 0;
		};
/* End PBXFrameworksBuildPhase section */

/* Begin PBXGroup section */
		CFB750D92394BFF8004A6500 /* Resources */ = {
			isa = PBXGroup;
			children = (
				CFB750DB2394C22B004A6500 /* BOSTON CAPS.otf */,
				CFB750D82394BFE6004A6500 /* BOSTON.ttf */,
			);
			path = Resources;
			sourceTree = "<group>";
		};
		CFC2ABF4239CB6C400AC7EF7 /* User Settings */ = {
			isa = PBXGroup;
			children = (
				CFC2ABF2239CB64A00AC7EF7 /* UserSettingsHost.swift */,
				CFC2ABF5239CB70800AC7EF7 /* UserSettingsSummary.swift */,
				CFC2ABF7239CC21200AC7EF7 /* UserSettingsEditor.swift */,
			);
			path = "User Settings";
			sourceTree = "<group>";
		};
		CFC2ABF9239DC41400AC7EF7 /* Privacy Settings */ = {
			isa = PBXGroup;
			children = (
			);
			path = "Privacy Settings";
			sourceTree = "<group>";
		};
		CFD62007238B9914006DFDDB = {
			isa = PBXGroup;
			children = (
				CFD62012238B9914006DFDDB /* EnvironmentObject */,
				CFD62011238B9914006DFDDB /* Products */,
			);
			sourceTree = "<group>";
		};
		CFD62011238B9914006DFDDB /* Products */ = {
			isa = PBXGroup;
			children = (
				CFD62010238B9914006DFDDB /* EnvironmentObject1.app */,
			);
			name = Products;
			sourceTree = "<group>";
		};
		CFD62012238B9914006DFDDB /* EnvironmentObject */ = {
			isa = PBXGroup;
			children = (
				CFD62048238CAED0006DFDDB /* Models */,
				CFD62013238B9914006DFDDB /* AppDelegate.swift */,
				CFD62015238B9914006DFDDB /* SceneDelegate.swift */,
				CFFBBBE2239A179500F98ADB /* SignInView.swift */,
				CFD62017238B9914006DFDDB /* MasterView.swift */,
				CFC2ABF4239CB6C400AC7EF7 /* User Settings */,
				CFC2ABF9239DC41400AC7EF7 /* Privacy Settings */,
				CFB750D62394B0AE004A6500 /* PrivacyView.swift */,
				CFFBBBEB239AB8FC00F98ADB /* GraphView.swift */,
				CFFBBBE9239A204B00F98ADB /* BackgroundImage.swift */,
				CFB750DD2394E287004A6500 /* ContactUsView.swift */,
				CFB750D223934DBD004A6500 /* KittyCatView.swift */,
				CFD62019238B9916006DFDDB /* Assets.xcassets */,
				CFD6201E238B9916006DFDDB /* LaunchScreen.storyboard */,
				CFD62021238B9916006DFDDB /* Info.plist */,
				CFFBBBE4239A17B900F98ADB /* Extensions */,
				CFB750D92394BFF8004A6500 /* Resources */,
				CFD6201B238B9916006DFDDB /* Preview Content */,
			);
			path = EnvironmentObject;
			sourceTree = "<group>";
		};
		CFD6201B238B9916006DFDDB /* Preview Content */ = {
			isa = PBXGroup;
			children = (
				CFD6201C238B9916006DFDDB /* Preview Assets.xcassets */,
			);
			path = "Preview Content";
			sourceTree = "<group>";
		};
		CFD62048238CAED0006DFDDB /* Models */ = {
			isa = PBXGroup;
			children = (
				CFD62049238CB10F006DFDDB /* UserData.swift */,
				CFD62046238CAEC8006DFDDB /* User.swift */,
				CFD6204B238CB767006DFDDB /* PrivacySettings.swift */,
				CFB750D423943756004A6500 /* PrivacyConstants.swift */,
				CFFBBBE7239A193000F98ADB /* NewsFeedConstants.swift */,
				CFFBBBED239B2E8300F98ADB /* NerdLevel.swift */,
			);
			path = Models;
			sourceTree = "<group>";
		};
		CFFBBBE4239A17B900F98ADB /* Extensions */ = {
			isa = PBXGroup;
			children = (
				CFFBBBE5239A17D700F98ADB /* Color+neonBlue.swift */,
			);
			path = Extensions;
			sourceTree = "<group>";
		};
/* End PBXGroup section */

/* Begin PBXNativeTarget section */
		CFD6200F238B9914006DFDDB /* EnvironmentObject */ = {
			isa = PBXNativeTarget;
			buildConfigurationList = CFD62024238B9916006DFDDB /* Build configuration list for PBXNativeTarget "EnvironmentObject" */;
			buildPhases = (
				CFD6200C238B9914006DFDDB /* Sources */,
				CFD6200D238B9914006DFDDB /* Frameworks */,
				CFD6200E238B9914006DFDDB /* Resources */,
			);
			buildRules = (
			);
			dependencies = (
			);
			name = EnvironmentObject;
			productName = EnvironmentObject;
			productReference = CFD62010238B9914006DFDDB /* EnvironmentObject1.app */;
			productType = "com.apple.product-type.application";
		};
/* End PBXNativeTarget section */

/* Begin PBXProject section */
		CFD62008238B9914006DFDDB /* Project object */ = {
			isa = PBXProject;
			attributes = {
				LastSwiftUpdateCheck = 1120;
				LastUpgradeCheck = 1120;
				ORGANIZATIONNAME = Schelly;
				TargetAttributes = {
					CFD6200F238B9914006DFDDB = {
						CreatedOnToolsVersion = 11.2.1;
					};
				};
			};
			buildConfigurationList = CFD6200B238B9914006DFDDB /* Build configuration list for PBXProject "EnvironmentObject" */;
			compatibilityVersion = "Xcode 9.3";
			developmentRegion = en;
			hasScannedForEncodings = 0;
			knownRegions = (
				en,
				Base,
			);
			mainGroup = CFD62007238B9914006DFDDB;
			productRefGroup = CFD62011238B9914006DFDDB /* Products */;
			projectDirPath = "";
			projectRoot = "";
			targets = (
				CFD6200F238B9914006DFDDB /* EnvironmentObject */,
			);
		};
/* End PBXProject section */

/* Begin PBXResourcesBuildPhase section */
		CFD6200E238B9914006DFDDB /* Resources */ = {
			isa = PBXResourcesBuildPhase;
			buildActionMask = 2147483647;
			files = (
				CFB750DC2394C22B004A6500 /* BOSTON CAPS.otf in Resources */,
				CFD62020238B9916006DFDDB /* LaunchScreen.storyboard in Resources */,
				CFD6201D238B9916006DFDDB /* Preview Assets.xcassets in Resources */,
				CFD6201A238B9916006DFDDB /* Assets.xcassets in Resources */,
				CFB750DA2394C01A004A6500 /* BOSTON.ttf in Resources */,
			);
			runOnlyForDeploymentPostprocessing = 0;
		};
/* End PBXResourcesBuildPhase section */

/* Begin PBXSourcesBuildPhase section */
		CFD6200C238B9914006DFDDB /* Sources */ = {
			isa = PBXSourcesBuildPhase;
			buildActionMask = 2147483647;
			files = (
				CFC2ABF6239CB70800AC7EF7 /* UserSettingsSummary.swift in Sources */,
				CFD62047238CAEC8006DFDDB /* User.swift in Sources */,
				CFB750DE2394E287004A6500 /* ContactUsView.swift in Sources */,
				CFD6204C238CB767006DFDDB /* PrivacySettings.swift in Sources */,
				CFB750D72394B0AE004A6500 /* PrivacyView.swift in Sources */,
				CFD62014238B9914006DFDDB /* AppDelegate.swift in Sources */,
				CFFBBBEC239AB8FC00F98ADB /* GraphView.swift in Sources */,
				CFB750D323934DBD004A6500 /* KittyCatView.swift in Sources */,
				CFC2ABF8239CC21200AC7EF7 /* UserSettingsEditor.swift in Sources */,
				CFFBBBE8239A193000F98ADB /* NewsFeedConstants.swift in Sources */,
				CFB750D523943756004A6500 /* PrivacyConstants.swift in Sources */,
				CFFBBBEA239A204B00F98ADB /* BackgroundImage.swift in Sources */,
				CFD62016238B9914006DFDDB /* SceneDelegate.swift in Sources */,
				CFD6204A238CB10F006DFDDB /* UserData.swift in Sources */,
				CFFBBBE6239A17D700F98ADB /* Color+neonBlue.swift in Sources */,
				CFFBBBE3239A179500F98ADB /* SignInView.swift in Sources */,
				CFFBBBEE239B2E8300F98ADB /* NerdLevel.swift in Sources */,
				CFD62018238B9914006DFDDB /* MasterView.swift in Sources */,
				CFC2ABF3239CB64A00AC7EF7 /* UserSettingsHost.swift in Sources */,
			);
			runOnlyForDeploymentPostprocessing = 0;
		};
/* End PBXSourcesBuildPhase section */

/* Begin PBXVariantGroup section */
		CFD6201E238B9916006DFDDB /* LaunchScreen.storyboard */ = {
			isa = PBXVariantGroup;
			children = (
				CFD6201F238B9916006DFDDB /* Base */,
			);
			name = LaunchScreen.storyboard;
			sourceTree = "<group>";
		};
/* End PBXVariantGroup section */

/* Begin XCBuildConfiguration section */
		CFD62022238B9916006DFDDB /* Debug */ = {
			isa = XCBuildConfiguration;
			buildSettings = {
				ALWAYS_SEARCH_USER_PATHS = NO;
				CLANG_ANALYZER_NONNULL = YES;
				CLANG_ANALYZER_NUMBER_OBJECT_CONVERSION = YES_AGGRESSIVE;
				CLANG_CXX_LANGUAGE_STANDARD = "gnu++14";
				CLANG_CXX_LIBRARY = "libc++";
				CLANG_ENABLE_MODULES = YES;
				CLANG_ENABLE_OBJC_ARC = YES;
				CLANG_ENABLE_OBJC_WEAK = YES;
				CLANG_WARN_BLOCK_CAPTURE_AUTORELEASING = YES;
				CLANG_WARN_BOOL_CONVERSION = YES;
				CLANG_WARN_COMMA = YES;
				CLANG_WARN_CONSTANT_CONVERSION = YES;
				CLANG_WARN_DEPRECATED_OBJC_IMPLEMENTATIONS = YES;
				CLANG_WARN_DIRECT_OBJC_ISA_USAGE = YES_ERROR;
				CLANG_WARN_DOCUMENTATION_COMMENTS = YES;
				CLANG_WARN_EMPTY_BODY = YES;
				CLANG_WARN_ENUM_CONVERSION = YES;
				CLANG_WARN_INFINITE_RECURSION = YES;
				CLANG_WARN_INT_CONVERSION = YES;
				CLANG_WARN_NON_LITERAL_NULL_CONVERSION = YES;
				CLANG_WARN_OBJC_IMPLICIT_RETAIN_SELF = YES;
				CLANG_WARN_OBJC_LITERAL_CONVERSION = YES;
				CLANG_WARN_OBJC_ROOT_CLASS = YES_ERROR;
				CLANG_WARN_RANGE_LOOP_ANALYSIS = YES;
				CLANG_WARN_STRICT_PROTOTYPES = YES;
				CLANG_WARN_SUSPICIOUS_MOVE = YES;
				CLANG_WARN_UNGUARDED_AVAILABILITY = YES_AGGRESSIVE;
				CLANG_WARN_UNREACHABLE_CODE = YES;
				CLANG_WARN__DUPLICATE_METHOD_MATCH = YES;
				COPY_PHASE_STRIP = NO;
				DEBUG_INFORMATION_FORMAT = dwarf;
				ENABLE_STRICT_OBJC_MSGSEND = YES;
				ENABLE_TESTABILITY = YES;
				GCC_C_LANGUAGE_STANDARD = gnu11;
				GCC_DYNAMIC_NO_PIC = NO;
				GCC_NO_COMMON_BLOCKS = YES;
				GCC_OPTIMIZATION_LEVEL = 0;
				GCC_PREPROCESSOR_DEFINITIONS = (
					"DEBUG=1",
					"$(inherited)",
				);
				GCC_WARN_64_TO_32_BIT_CONVERSION = YES;
				GCC_WARN_ABOUT_RETURN_TYPE = YES_ERROR;
				GCC_WARN_UNDECLARED_SELECTOR = YES;
				GCC_WARN_UNINITIALIZED_AUTOS = YES_AGGRESSIVE;
				GCC_WARN_UNUSED_FUNCTION = YES;
				GCC_WARN_UNUSED_VARIABLE = YES;
				IPHONEOS_DEPLOYMENT_TARGET = 13.2;
				MTL_ENABLE_DEBUG_INFO = INCLUDE_SOURCE;
				MTL_FAST_MATH = YES;
				ONLY_ACTIVE_ARCH = YES;
				SDKROOT = iphoneos;
				SWIFT_ACTIVE_COMPILATION_CONDITIONS = DEBUG;
				SWIFT_OPTIMIZATION_LEVEL = "-Onone";
			};
			name = Debug;
		};
		CFD62023238B9916006DFDDB /* Release */ = {
			isa = XCBuildConfiguration;
			buildSettings = {
				ALWAYS_SEARCH_USER_PATHS = NO;
				CLANG_ANALYZER_NONNULL = YES;
				CLANG_ANALYZER_NUMBER_OBJECT_CONVERSION = YES_AGGRESSIVE;
				CLANG_CXX_LANGUAGE_STANDARD = "gnu++14";
				CLANG_CXX_LIBRARY = "libc++";
				CLANG_ENABLE_MODULES = YES;
				CLANG_ENABLE_OBJC_ARC = YES;
				CLANG_ENABLE_OBJC_WEAK = YES;
				CLANG_WARN_BLOCK_CAPTURE_AUTORELEASING = YES;
				CLANG_WARN_BOOL_CONVERSION = YES;
				CLANG_WARN_COMMA = YES;
				CLANG_WARN_CONSTANT_CONVERSION = YES;
				CLANG_WARN_DEPRECATED_OBJC_IMPLEMENTATIONS = YES;
				CLANG_WARN_DIRECT_OBJC_ISA_USAGE = YES_ERROR;
				CLANG_WARN_DOCUMENTATION_COMMENTS = YES;
				CLANG_WARN_EMPTY_BODY = YES;
				CLANG_WARN_ENUM_CONVERSION = YES;
				CLANG_WARN_INFINITE_RECURSION = YES;
				CLANG_WARN_INT_CONVERSION = YES;
				CLANG_WARN_NON_LITERAL_NULL_CONVERSION = YES;
				CLANG_WARN_OBJC_IMPLICIT_RETAIN_SELF = YES;
				CLANG_WARN_OBJC_LITERAL_CONVERSION = YES;
				CLANG_WARN_OBJC_ROOT_CLASS = YES_ERROR;
				CLANG_WARN_RANGE_LOOP_ANALYSIS = YES;
				CLANG_WARN_STRICT_PROTOTYPES = YES;
				CLANG_WARN_SUSPICIOUS_MOVE = YES;
				CLANG_WARN_UNGUARDED_AVAILABILITY = YES_AGGRESSIVE;
				CLANG_WARN_UNREACHABLE_CODE = YES;
				CLANG_WARN__DUPLICATE_METHOD_MATCH = YES;
				COPY_PHASE_STRIP = NO;
				DEBUG_INFORMATION_FORMAT = "dwarf-with-dsym";
				ENABLE_NS_ASSERTIONS = NO;
				ENABLE_STRICT_OBJC_MSGSEND = YES;
				GCC_C_LANGUAGE_STANDARD = gnu11;
				GCC_NO_COMMON_BLOCKS = YES;
				GCC_WARN_64_TO_32_BIT_CONVERSION = YES;
				GCC_WARN_ABOUT_RETURN_TYPE = YES_ERROR;
				GCC_WARN_UNDECLARED_SELECTOR = YES;
				GCC_WARN_UNINITIALIZED_AUTOS = YES_AGGRESSIVE;
				GCC_WARN_UNUSED_FUNCTION = YES;
				GCC_WARN_UNUSED_VARIABLE = YES;
				IPHONEOS_DEPLOYMENT_TARGET = 13.2;
				MTL_ENABLE_DEBUG_INFO = NO;
				MTL_FAST_MATH = YES;
				SDKROOT = iphoneos;
				SWIFT_COMPILATION_MODE = wholemodule;
				SWIFT_OPTIMIZATION_LEVEL = "-O";
				VALIDATE_PRODUCT = YES;
			};
			name = Release;
		};
		CFD62025238B9916006DFDDB /* Debug */ = {
			isa = XCBuildConfiguration;
			buildSettings = {
				ASSETCATALOG_COMPILER_APPICON_NAME = AppIcon;
				CODE_SIGN_STYLE = Automatic;
				DEVELOPMENT_ASSET_PATHS = "\"EnvironmentObject/Preview Content\"";
				DEVELOPMENT_TEAM = TTM8ZJL767;
				ENABLE_PREVIEWS = YES;
				INFOPLIST_FILE = EnvironmentObject/Info.plist;
				LD_RUNPATH_SEARCH_PATHS = (
					"$(inherited)",
					"@executable_path/Frameworks",
				);
				PRODUCT_BUNDLE_IDENTIFIER = com.schelly.EnvironmentObject1;
				PRODUCT_NAME = EnvironmentObject1;
				SWIFT_VERSION = 5.0;
				TARGETED_DEVICE_FAMILY = "1,2";
			};
			name = Debug;
		};
		CFD62026238B9916006DFDDB /* Release */ = {
			isa = XCBuildConfiguration;
			buildSettings = {
				ASSETCATALOG_COMPILER_APPICON_NAME = AppIcon;
				CODE_SIGN_STYLE = Automatic;
				DEVELOPMENT_ASSET_PATHS = "\"EnvironmentObject/Preview Content\"";
				DEVELOPMENT_TEAM = TTM8ZJL767;
				ENABLE_PREVIEWS = YES;
				INFOPLIST_FILE = EnvironmentObject/Info.plist;
				LD_RUNPATH_SEARCH_PATHS = (
					"$(inherited)",
					"@executable_path/Frameworks",
				);
				PRODUCT_BUNDLE_IDENTIFIER = com.schelly.EnvironmentObject1;
				PRODUCT_NAME = EnvironmentObject1;
				SWIFT_VERSION = 5.0;
				TARGETED_DEVICE_FAMILY = "1,2";
			};
			name = Release;
		};
/* End XCBuildConfiguration section */

/* Begin XCConfigurationList section */
		CFD6200B238B9914006DFDDB /* Build configuration list for PBXProject "EnvironmentObject" */ = {
			isa = XCConfigurationList;
			buildConfigurations = (
				CFD62022238B9916006DFDDB /* Debug */,
				CFD62023238B9916006DFDDB /* Release */,
			);
			defaultConfigurationIsVisible = 0;
			defaultConfigurationName = Release;
		};
		CFD62024238B9916006DFDDB /* Build configuration list for PBXNativeTarget "EnvironmentObject" */ = {
			isa = XCConfigurationList;
			buildConfigurations = (
				CFD62025238B9916006DFDDB /* Debug */,
				CFD62026238B9916006DFDDB /* Release */,
			);
			defaultConfigurationIsVisible = 0;
			defaultConfigurationName = Release;
		};
/* End XCConfigurationList section */
	};
	rootObject = CFD62008238B9914006DFDDB /* Project object */;
}
